
Microsoft Visual Studio Solution File, Format Version 12.00
# Visual Studio 14
VisualStudioVersion = 14.0.23107.0
MinimumVisualStudioVersion = 10.0.40219.1
Project("{FAE04EC0-301F-11D3-BF4B-00C04F79EFBC}") = "Relational", "microKanrenCS\Relational.csproj", "{C9C54950-808F-4B04-9763-C16F1EED0091}"
EndProject
Project("{FAE04EC0-301F-11D3-BF4B-00C04F79EFBC}") = "UnitTests", "UnitTests\UnitTests.csproj", "{F18600EA-0DED-4474-8D20-36CDD7933256}"
EndProject
Global
	GlobalSection(SolutionConfigurationPlatforms) = preSolution
		Debug|Any CPU = Debug|Any CPU
		Release|Any CPU = Release|Any CPU
	EndGlobalSection
	GlobalSection(ProjectConfigurationPlatforms) = postSolution
		{C9C54950-808F-4B04-9763-C16F1EED0091}.Debug|Any CPU.ActiveCfg = Debug|Any CPU
		{C9C54950-808F-4B04-9763-C16F1EED0091}.Debug|Any CPU.Build.0 = Debug|Any CPU
		{C9C54950-808F-4B04-9763-C16F1EED0091}.Release|Any CPU.ActiveCfg = Release|Any CPU
		{C9C54950-808F-4B04-9763-C16F1EED0091}.Release|Any CPU.Build.0 = Release|Any CPU
		{F18600EA-0DED-4474-8D20-36CDD7933256}.Debug|Any CPU.ActiveCfg = Debug|Any CPU
		{F18600EA-0DED-4474-8D20-36CDD7933256}.Debug|Any CPU.Build.0 = Debug|Any CPU
		{F18600EA-0DED-4474-8D20-36CDD7933256}.Release|Any CPU.ActiveCfg = Release|Any CPU
		{F18600EA-0DED-4474-8D20-36CDD7933256}.Release|Any CPU.Build.0 = Release|Any CPU
	EndGlobalSection
	GlobalSection(SolutionProperties) = preSolution
		HideSolutionNode = FALSE
	EndGlobalSection
EndGlobal
